{
  "name": "chronos",
  "version": "1.0.0",
  "lockfileVersion": 1,
  "requires": true,
  "dependencies": {
    "async-limiter": {
      "version": "1.0.1",
      "resolved": "https://repo.forge.lmig.com/api/npm/npm/async-limiter/-/async-limiter-1.0.1.tgz",
      "integrity": "sha1-3TeelPDbgxCwgpH51kwyCXZmF/0="
    },
    "dateformat": {
      "version": "3.0.3",
      "resolved": "https://repo.forge.lmig.com/api/npm/npm/dateformat/-/dateformat-3.0.3.tgz",
      "integrity": "sha1-puN0maTZqc+F71hyBE1ikByYia4="
    },
    "discord.js": {
      "version": "11.5.1",
      "resolved": "https://repo.forge.lmig.com/api/npm/npm/discord.js/-/discord.js-11.5.1.tgz",
      "integrity": "sha1-kQ+59kEDKFgQk+BEyvtmF4Ok2eg=",
      "requires": {
        "long": "^4.0.0",
        "prism-media": "^0.0.3",
        "snekfetch": "^3.6.4",
        "tweetnacl": "^1.0.0",
        "ws": "^6.0.0"
      }
    },
    "long": {
      "version": "4.0.0",
      "resolved": "https://repo.forge.lmig.com/api/npm/npm/long/-/long-4.0.0.tgz",
      "integrity": "sha1-mntxz7fTYaGU6lVSQckvdGjVvyg="
    },
    "node-cron": {
      "version": "2.0.3",
      "resolved": "https://repo.forge.lmig.com/api/npm/npm/node-cron/-/node-cron-2.0.3.tgz",
      "integrity": "sha1-uWSXhNDWwAdYQQ7vIvpUoQ4/YC0=",
      "requires": {
        "opencollective-postinstall": "^2.0.0",
        "tz-offset": "0.0.1"
      }
    },
    "opencollective-postinstall": {
      "version": "2.0.2",
      "resolved": "https://repo.forge.lmig.com/api/npm/npm/opencollective-postinstall/-/opencollective-postinstall-2.0.2.tgz",
      "integrity": "sha1-Vlfxvt5ptuM6RZObBh61PTxsOok="
    },
    "prism-media": {
      "version": "0.0.3",
      "resolved": "https://repo.forge.lmig.com/api/npm/npm/prism-media/-/prism-media-0.0.3.tgz",
      "integrity": "sha1-iELU+ugE8JnTtIqaOOPCurb0hVs="
    },
    "snekfetch": {
      "version": "3.6.4",
      "resolved": "https://repo.forge.lmig.com/api/npm/npm/snekfetch/-/snekfetch-3.6.4.tgz",
      "integrity": "sha1-0T6AphbYkvPTjarkKJ9NJYpkUSA="
    },
    "tweetnacl": {
      "version": "1.0.1",
      "resolved": "https://repo.forge.lmig.com/api/npm/npm/tweetnacl/-/tweetnacl-1.0.1.tgz",
      "integrity": "sha1-JZTULac80Da9DSpUaD3TWmtVyhc="
    },
    "tz-offset": {
      "version": "0.0.1",
      "resolved": "https://repo.forge.lmig.com/api/npm/npm/tz-offset/-/tz-offset-0.0.1.tgz",
      "integrity": "sha1-/vkgJXAk01g+2QcqdnchoYvbinY="
    },
    "ws": {
      "version": "6.2.2",
      "resolved": "https://registry.npmjs.org/ws/-/ws-6.2.2.tgz",
      "integrity": "sha512-zmhltoSR8u1cnDsD43TX59mzoMZsLKqUweyYBAIvTngR3shc0W6aOZylZmq/7hqyVxPdi+5Ud2QInblgyE72fw==",
      "requires": {
        "async-limiter": "~1.0.0"
      }
    }
  }
}
